
Microsoft Visual Studio Solution File, Format Version 12.00
# Visual Studio Version 17
VisualStudioVersion = 17.14.36616.10 d17.14
MinimumVisualStudioVersion = 10.0.40219.1
Project("{FAE04EC0-301F-11D3-BF4B-00C04F79EFBC}") = "PolicyNoteService", "PolicyNoteService.csproj", "{45CA0E10-270A-40EC-A1AB-BDAE3425B636}"
EndProject
Project("{FAE04EC0-301F-11D3-BF4B-00C04F79EFBC}") = "PolicyNotesService.Tests", "..\PolicyNotesService.Tests\PolicyNotesService.Tests.csproj", "{C6C579C9-2252-4299-B0C3-00A5FEA8C14C}"
EndProject
Global
	GlobalSection(SolutionConfigurationPlatforms) = preSolution
		Debug|Any CPU = Debug|Any CPU
		Release|Any CPU = Release|Any CPU
	EndGlobalSection
	GlobalSection(ProjectConfigurationPlatforms) = postSolution
		{45CA0E10-270A-40EC-A1AB-BDAE3425B636}.Debug|Any CPU.ActiveCfg = Debug|Any CPU
		{45CA0E10-270A-40EC-A1AB-BDAE3425B636}.Debug|Any CPU.Build.0 = Debug|Any CPU
		{45CA0E10-270A-40EC-A1AB-BDAE3425B636}.Release|Any CPU.ActiveCfg = Release|Any CPU
		{45CA0E10-270A-40EC-A1AB-BDAE3425B636}.Release|Any CPU.Build.0 = Release|Any CPU
		{C6C579C9-2252-4299-B0C3-00A5FEA8C14C}.Debug|Any CPU.ActiveCfg = Debug|Any CPU
		{C6C579C9-2252-4299-B0C3-00A5FEA8C14C}.Debug|Any CPU.Build.0 = Debug|Any CPU
		{C6C579C9-2252-4299-B0C3-00A5FEA8C14C}.Release|Any CPU.ActiveCfg = Release|Any CPU
		{C6C579C9-2252-4299-B0C3-00A5FEA8C14C}.Release|Any CPU.Build.0 = Release|Any CPU
	EndGlobalSection
	GlobalSection(SolutionProperties) = preSolution
		HideSolutionNode = FALSE
	EndGlobalSection
	GlobalSection(ExtensibilityGlobals) = postSolution
		SolutionGuid = {CDD84CA0-8907-4A3E-BA1B-834C564CD85E}
	EndGlobalSection
EndGlobal
